
Microsoft Visual Studio Solution File, Format Version 12.00
# Visual Studio 15
VisualStudioVersion = 15.0.28307.329
MinimumVisualStudioVersion = 10.0.40219.1
Project("{9A19103F-16F7-4668-BE54-9A1E7A4F7556}") = "AtomicFileOperations", "AtomicFileOperations\AtomicFileOperations.csproj", "{3A945E6A-EDE3-491E-8CEA-E72B71D94592}"
EndProject
Project("{9A19103F-16F7-4668-BE54-9A1E7A4F7556}") = "AtomicFileOperationsTest", "AtomicFileOperationsTest\AtomicFileOperationsTest.csproj", "{14EE23B8-7515-4D18-BF5E-72ECD654CC9B}"
EndProject
Project("{FAE04EC0-301F-11D3-BF4B-00C04F79EFBC}") = "AtomicFileOperationsUnitTests", "AtomicFileOperationsUnitTest\AtomicFileOperationsUnitTests.csproj", "{42CDA275-D08D-4F9E-896F-C2943F8040CA}"
EndProject
Global
	GlobalSection(SolutionConfigurationPlatforms) = preSolution
		Debug|Any CPU = Debug|Any CPU
		Release|Any CPU = Release|Any CPU
	EndGlobalSection
	GlobalSection(ProjectConfigurationPlatforms) = postSolution
		{3A945E6A-EDE3-491E-8CEA-E72B71D94592}.Debug|Any CPU.ActiveCfg = Debug|Any CPU
		{3A945E6A-EDE3-491E-8CEA-E72B71D94592}.Debug|Any CPU.Build.0 = Debug|Any CPU
		{3A945E6A-EDE3-491E-8CEA-E72B71D94592}.Release|Any CPU.ActiveCfg = Release|Any CPU
		{3A945E6A-EDE3-491E-8CEA-E72B71D94592}.Release|Any CPU.Build.0 = Release|Any CPU
		{14EE23B8-7515-4D18-BF5E-72ECD654CC9B}.Debug|Any CPU.ActiveCfg = Debug|Any CPU
		{14EE23B8-7515-4D18-BF5E-72ECD654CC9B}.Debug|Any CPU.Build.0 = Debug|Any CPU
		{14EE23B8-7515-4D18-BF5E-72ECD654CC9B}.Release|Any CPU.ActiveCfg = Release|Any CPU
		{14EE23B8-7515-4D18-BF5E-72ECD654CC9B}.Release|Any CPU.Build.0 = Release|Any CPU
		{42CDA275-D08D-4F9E-896F-C2943F8040CA}.Debug|Any CPU.ActiveCfg = Debug|Any CPU
		{42CDA275-D08D-4F9E-896F-C2943F8040CA}.Debug|Any CPU.Build.0 = Debug|Any CPU
		{42CDA275-D08D-4F9E-896F-C2943F8040CA}.Release|Any CPU.ActiveCfg = Release|Any CPU
		{42CDA275-D08D-4F9E-896F-C2943F8040CA}.Release|Any CPU.Build.0 = Release|Any CPU
	EndGlobalSection
	GlobalSection(SolutionProperties) = preSolution
		HideSolutionNode = FALSE
	EndGlobalSection
	GlobalSection(ExtensibilityGlobals) = postSolution
		SolutionGuid = {D1958F69-5E3E-44E0-8993-BC409DAAA718}
	EndGlobalSection
EndGlobal
